
Microsoft Visual Studio Solution File, Format Version 12.00
# Visual Studio Version 16
VisualStudioVersion = 25.0.1703.5
MinimumVisualStudioVersion = 10.0.40219.1
Project("{FAE04EC0-301F-11D3-BF4B-00C04F79EFBC}") = "HelloNativeLibrary", "HelloNativeLibrary\HelloNativeLibrary.csproj", "{E19BD78C-40DE-4ABC-A1CD-96BC4F1ED7A8}"
EndProject
Project("{FAE04EC0-301F-11D3-BF4B-00C04F79EFBC}") = "NativeInteropLibrary", "NativeInteropLibrary\NativeInteropLibrary.csproj", "{31B5D2A7-3493-406A-B7EE-926D73E21B4D}"
EndProject
Project("{FAE04EC0-301F-11D3-BF4B-00C04F79EFBC}") = "ConsoleAppNet48", "ConsoleAppNet48\ConsoleAppNet48.csproj", "{5A15828B-7C64-47E7-9FBF-59A275BC9235}"
EndProject
Global
	GlobalSection(SolutionConfigurationPlatforms) = preSolution
		Debug|Any CPU = Debug|Any CPU
		Release|Any CPU = Release|Any CPU
	EndGlobalSection
	GlobalSection(ProjectConfigurationPlatforms) = postSolution
		{E19BD78C-40DE-4ABC-A1CD-96BC4F1ED7A8}.Debug|Any CPU.ActiveCfg = Debug|Any CPU
		{E19BD78C-40DE-4ABC-A1CD-96BC4F1ED7A8}.Debug|Any CPU.Build.0 = Debug|Any CPU
		{E19BD78C-40DE-4ABC-A1CD-96BC4F1ED7A8}.Release|Any CPU.ActiveCfg = Release|Any CPU
		{E19BD78C-40DE-4ABC-A1CD-96BC4F1ED7A8}.Release|Any CPU.Build.0 = Release|Any CPU
		{31B5D2A7-3493-406A-B7EE-926D73E21B4D}.Debug|Any CPU.ActiveCfg = Debug|Any CPU
		{31B5D2A7-3493-406A-B7EE-926D73E21B4D}.Debug|Any CPU.Build.0 = Debug|Any CPU
		{31B5D2A7-3493-406A-B7EE-926D73E21B4D}.Release|Any CPU.ActiveCfg = Release|Any CPU
		{31B5D2A7-3493-406A-B7EE-926D73E21B4D}.Release|Any CPU.Build.0 = Release|Any CPU
		{5A15828B-7C64-47E7-9FBF-59A275BC9235}.Debug|Any CPU.ActiveCfg = Debug|Any CPU
		{5A15828B-7C64-47E7-9FBF-59A275BC9235}.Debug|Any CPU.Build.0 = Debug|Any CPU
		{5A15828B-7C64-47E7-9FBF-59A275BC9235}.Release|Any CPU.ActiveCfg = Release|Any CPU
		{5A15828B-7C64-47E7-9FBF-59A275BC9235}.Release|Any CPU.Build.0 = Release|Any CPU
	EndGlobalSection
	GlobalSection(SolutionProperties) = preSolution
		HideSolutionNode = FALSE
	EndGlobalSection
	GlobalSection(ExtensibilityGlobals) = postSolution
		SolutionGuid = {9E463008-D20F-4DBF-886B-5FA90D1717DE}
	EndGlobalSection
EndGlobal
